github.com/ygrebnov/errorc v0.3.0 h1:QtaYoyYGMoPZTsbojjp6ar5hnobt60u0wcxY2DqPG40=
github.com/ygrebnov/errorc v0.3.0/go.mod h1:jD0xEfIlM+EuFGU3z5DPRBL1l8zm3T+hYBh1L0t1UCg=
github.com/ygrebnov/errorc v0.4.0 h1:LqR6g2XPR6N2794QnWZNUiaaa/eiVlAaCMdhDc7wm4w=
github.com/ygrebnov/errorc v0.4.0/go.mod h1:jD0xEfIlM+EuFGU3z5DPRBL1l8zm3T+hYBh1L0t1UCg=
github.com/ygrebnov/errorc v0.5.0 h1:uGwFIXycHKN/ro8qA10eaGKWOx0MuFNzM0Fo8jNKgHg=
github.com/ygrebnov/errorc v0.5.0/go.mod h1:jD0xEfIlM+EuFGU3z5DPRBL1l8zm3T+hYBh1L0t1UCg=
github.com/ygrebnov/errorc v0.5.1 h1:gD0jEGpA5Jmms3H8JH3XzVzsqh4tVPglMgF2niz9Xf8=
github.com/ygrebnov/errorc v0.5.1/go.mod h1:jD0xEfIlM+EuFGU3z5DPRBL1l8zm3T+hYBh1L0t1UCg=
