github.com/ygrebnov/errorc v0.5.4 h1:D1b1q/qNZyBBQjpYw35eqbIA2olQWAZMqCrV5W4PHV8=
github.com/ygrebnov/errorc v0.5.4/go.mod h1:AofhtU8alqz04CfwXVcszenoKmV5miX2VFoiEhq4mnI=
github.com/ygrebnov/keys v0.1.0 h1:X5JVbAZMPkbc8PWuvbX8OQbO6ZvA26ElxkbB1b3hZbg=
github.com/ygrebnov/keys v0.1.0/go.mod h1:4IfRPgv7tFSlToKzHtA9MPMwXP0+HRJ0Kk8XSrvhDvQ=
