github.com/ygrebnov/errorc v0.6.0 h1:MBj9TVLeydiLMyvpHTKpI9iBgL8sCFKoKaZQp4NzEow=
github.com/ygrebnov/errorc v0.6.0/go.mod h1:akitMzADmnm0i1X5fSJfBqiTqCzckka9sgukTRQN5ns=
github.com/ygrebnov/keys v0.2.0 h1:KQSQG1la9WkTW59WbB3CK1yhxZ92el2ZJfV1XtlHTp0=
github.com/ygrebnov/keys v0.2.0/go.mod h1:4IfRPgv7tFSlToKzHtA9MPMwXP0+HRJ0Kk8XSrvhDvQ=
